{
  "requires": true,
  "lockfileVersion": 1,
  "dependencies": {
    "@fontsource-variable/material-symbols-outlined": {
      "version": "5.2.45",
      "resolved": "https://registry.npmjs.org/@fontsource-variable/material-symbols-outlined/-/material-symbols-outlined-5.2.45.tgz",
      "integrity": "sha512-Hx6KX6W3rtMWEte72lTmV/4dJIpcAOi/tappR19Tz2dbvlWpboGqu0m7sJu7uIlLlDNuHjr/QComLCap6gSCug=="
    }
  }
}
